
Microsoft Visual Studio Solution File, Format Version 12.00
# Visual Studio 15
VisualStudioVersion = 15.0.27110.0
MinimumVisualStudioVersion = 10.0.40219.1
Project("{FAE04EC0-301F-11D3-BF4B-00C04F79EFBC}") = "SharpPresence", "SharpPresence\SharpPresence.csproj", "{D11564F2-C79E-4D30-9D6F-F9C3F6C51410}"
EndProject
Global
	GlobalSection(SolutionConfigurationPlatforms) = preSolution
		Debug|Any CPU = Debug|Any CPU
		Release|Any CPU = Release|Any CPU
	EndGlobalSection
	GlobalSection(ProjectConfigurationPlatforms) = postSolution
		{D11564F2-C79E-4D30-9D6F-F9C3F6C51410}.Debug|Any CPU.ActiveCfg = Debug|Any CPU
		{D11564F2-C79E-4D30-9D6F-F9C3F6C51410}.Debug|Any CPU.Build.0 = Debug|Any CPU
		{D11564F2-C79E-4D30-9D6F-F9C3F6C51410}.Release|Any CPU.ActiveCfg = Release|Any CPU
		{D11564F2-C79E-4D30-9D6F-F9C3F6C51410}.Release|Any CPU.Build.0 = Release|Any CPU
	EndGlobalSection
	GlobalSection(SolutionProperties) = preSolution
		HideSolutionNode = FALSE
	EndGlobalSection
	GlobalSection(ExtensibilityGlobals) = postSolution
		SolutionGuid = {C083608C-1A24-4340-8E30-BC5CC1EC5652}
	EndGlobalSection
EndGlobal
